
Microsoft Visual Studio Solution File, Format Version 12.00
# Visual Studio Version 17
VisualStudioVersion = 17.8.34316.72
MinimumVisualStudioVersion = 10.0.40219.1
Project("{8BC9CEB8-8B4A-11D0-8D11-00A0C91BC942}") = "Functions", "Functions\Functions.vcxproj", "{91DC233A-296B-435F-AD04-B905E02CC0AE}"
EndProject
Project("{8BC9CEB8-8B4A-11D0-8D11-00A0C91BC942}") = "Arrays", "Arrays\Arrays.vcxproj", "{8B90183E-2319-419A-ABEE-AD7E3D8D950C}"
EndProject
Global
	GlobalSection(SolutionConfigurationPlatforms) = preSolution
		Debug|ARM64 = Debug|ARM64
		Debug|x64 = Debug|x64
		Debug|x86 = Debug|x86
		Release|ARM64 = Release|ARM64
		Release|x64 = Release|x64
		Release|x86 = Release|x86
	EndGlobalSection
	GlobalSection(ProjectConfigurationPlatforms) = postSolution
		{91DC233A-296B-435F-AD04-B905E02CC0AE}.Debug|ARM64.ActiveCfg = Debug|ARM64
		{91DC233A-296B-435F-AD04-B905E02CC0AE}.Debug|ARM64.Build.0 = Debug|ARM64
		{91DC233A-296B-435F-AD04-B905E02CC0AE}.Debug|x64.ActiveCfg = Debug|x64
		{91DC233A-296B-435F-AD04-B905E02CC0AE}.Debug|x64.Build.0 = Debug|x64
		{91DC233A-296B-435F-AD04-B905E02CC0AE}.Debug|x86.ActiveCfg = Debug|Win32
		{91DC233A-296B-435F-AD04-B905E02CC0AE}.Debug|x86.Build.0 = Debug|Win32
		{91DC233A-296B-435F-AD04-B905E02CC0AE}.Release|ARM64.ActiveCfg = Release|ARM64
		{91DC233A-296B-435F-AD04-B905E02CC0AE}.Release|ARM64.Build.0 = Release|ARM64
		{91DC233A-296B-435F-AD04-B905E02CC0AE}.Release|x64.ActiveCfg = Release|x64
		{91DC233A-296B-435F-AD04-B905E02CC0AE}.Release|x64.Build.0 = Release|x64
		{91DC233A-296B-435F-AD04-B905E02CC0AE}.Release|x86.ActiveCfg = Release|Win32
		{91DC233A-296B-435F-AD04-B905E02CC0AE}.Release|x86.Build.0 = Release|Win32
		{8B90183E-2319-419A-ABEE-AD7E3D8D950C}.Debug|ARM64.ActiveCfg = Debug|ARM64
		{8B90183E-2319-419A-ABEE-AD7E3D8D950C}.Debug|ARM64.Build.0 = Debug|ARM64
		{8B90183E-2319-419A-ABEE-AD7E3D8D950C}.Debug|x64.ActiveCfg = Debug|x64
		{8B90183E-2319-419A-ABEE-AD7E3D8D950C}.Debug|x64.Build.0 = Debug|x64
		{8B90183E-2319-419A-ABEE-AD7E3D8D950C}.Debug|x86.ActiveCfg = Debug|Win32
		{8B90183E-2319-419A-ABEE-AD7E3D8D950C}.Debug|x86.Build.0 = Debug|Win32
		{8B90183E-2319-419A-ABEE-AD7E3D8D950C}.Release|ARM64.ActiveCfg = Release|ARM64
		{8B90183E-2319-419A-ABEE-AD7E3D8D950C}.Release|ARM64.Build.0 = Release|ARM64
		{8B90183E-2319-419A-ABEE-AD7E3D8D950C}.Release|x64.ActiveCfg = Release|x64
		{8B90183E-2319-419A-ABEE-AD7E3D8D950C}.Release|x64.Build.0 = Release|x64
		{8B90183E-2319-419A-ABEE-AD7E3D8D950C}.Release|x86.ActiveCfg = Release|Win32
		{8B90183E-2319-419A-ABEE-AD7E3D8D950C}.Release|x86.Build.0 = Release|Win32
	EndGlobalSection
	GlobalSection(SolutionProperties) = preSolution
		HideSolutionNode = FALSE
	EndGlobalSection
	GlobalSection(ExtensibilityGlobals) = postSolution
		SolutionGuid = {A4FE9892-933C-4367-ADBB-FE70E09BE2FA}
	EndGlobalSection
EndGlobal
